
Microsoft Visual Studio Solution File, Format Version 12.00
# Visual Studio Version 17
VisualStudioVersion = 17.5.002.0
MinimumVisualStudioVersion = 10.0.40219.1
Project("{9A19103F-16F7-4668-BE54-9A1E7A4F7556}") = "ClassLibrary", "ClassLibrary.csproj", "{84F4D236-2215-4D30-AC17-D5EE1182BCE9}"
EndProject
Global
	GlobalSection(SolutionConfigurationPlatforms) = preSolution
		Debug|Any CPU = Debug|Any CPU
		Release|Any CPU = Release|Any CPU
	EndGlobalSection
	GlobalSection(ProjectConfigurationPlatforms) = postSolution
		{84F4D236-2215-4D30-AC17-D5EE1182BCE9}.Debug|Any CPU.ActiveCfg = Debug|Any CPU
		{84F4D236-2215-4D30-AC17-D5EE1182BCE9}.Debug|Any CPU.Build.0 = Debug|Any CPU
		{84F4D236-2215-4D30-AC17-D5EE1182BCE9}.Release|Any CPU.ActiveCfg = Release|Any CPU
		{84F4D236-2215-4D30-AC17-D5EE1182BCE9}.Release|Any CPU.Build.0 = Release|Any CPU
	EndGlobalSection
	GlobalSection(SolutionProperties) = preSolution
		HideSolutionNode = FALSE
	EndGlobalSection
	GlobalSection(ExtensibilityGlobals) = postSolution
		SolutionGuid = {19B9990B-F0D1-412F-A980-2819EE46734F}
	EndGlobalSection
EndGlobal
